
Microsoft Visual Studio Solution File, Format Version 12.00
# Visual Studio Version 16
VisualStudioVersion = 16.0.30225.117
MinimumVisualStudioVersion = 10.0.40219.1
Project("{FAE04EC0-301F-11D3-BF4B-00C04F79EFBC}") = "ConsoleApp1", "ConsoleApp1.csproj", "{8DDC60AF-5AA7-4EDD-9F50-1E966DB377EE}"
EndProject
Global
	GlobalSection(SolutionConfigurationPlatforms) = preSolution
		Debug|Any CPU = Debug|Any CPU
		Release|Any CPU = Release|Any CPU
	EndGlobalSection
	GlobalSection(ProjectConfigurationPlatforms) = postSolution
		{8DDC60AF-5AA7-4EDD-9F50-1E966DB377EE}.Debug|Any CPU.ActiveCfg = Debug|Any CPU
		{8DDC60AF-5AA7-4EDD-9F50-1E966DB377EE}.Debug|Any CPU.Build.0 = Debug|Any CPU
		{8DDC60AF-5AA7-4EDD-9F50-1E966DB377EE}.Release|Any CPU.ActiveCfg = Release|Any CPU
		{8DDC60AF-5AA7-4EDD-9F50-1E966DB377EE}.Release|Any CPU.Build.0 = Release|Any CPU
	EndGlobalSection
	GlobalSection(SolutionProperties) = preSolution
		HideSolutionNode = FALSE
	EndGlobalSection
	GlobalSection(ExtensibilityGlobals) = postSolution
		SolutionGuid = {54C95C9F-80FE-4069-807F-531D0B1A3E21}
	EndGlobalSection
EndGlobal
